
Microsoft Visual Studio Solution File, Format Version 12.00
# Visual Studio 2017
Project("{FAE04EC0-301F-11D3-BF4B-00C04F79EFBC}") = "BehaviorTree", "BehaviorTree.csproj", "{C88A6F8B-B118-D2BE-DDDC-C4278BF461F2}"
EndProject
Project("{FAE04EC0-301F-11D3-BF4B-00C04F79EFBC}") = "BehaviorTree.Editor", "BehaviorTree.Editor.csproj", "{3F3F228C-8154-71DD-68CA-DAB1CD48B4B4}"
EndProject
Global
	GlobalSection(SolutionConfigurationPlatforms) = preSolution
		Debug|Any CPU = Debug|Any CPU
		Release|Any CPU = Release|Any CPU
	EndGlobalSection
	GlobalSection(ProjectConfigurationPlatforms) = postSolution
		{C88A6F8B-B118-D2BE-DDDC-C4278BF461F2}.Debug|Any CPU.ActiveCfg = Debug|Any CPU
		{C88A6F8B-B118-D2BE-DDDC-C4278BF461F2}.Debug|Any CPU.Build.0 = Debug|Any CPU
		{C88A6F8B-B118-D2BE-DDDC-C4278BF461F2}.Release|Any CPU.ActiveCfg = Release|Any CPU
		{C88A6F8B-B118-D2BE-DDDC-C4278BF461F2}.Release|Any CPU.Build.0 = Release|Any CPU
		{3F3F228C-8154-71DD-68CA-DAB1CD48B4B4}.Debug|Any CPU.ActiveCfg = Debug|Any CPU
		{3F3F228C-8154-71DD-68CA-DAB1CD48B4B4}.Debug|Any CPU.Build.0 = Debug|Any CPU
		{3F3F228C-8154-71DD-68CA-DAB1CD48B4B4}.Release|Any CPU.ActiveCfg = Release|Any CPU
		{3F3F228C-8154-71DD-68CA-DAB1CD48B4B4}.Release|Any CPU.Build.0 = Release|Any CPU
	EndGlobalSection
	GlobalSection(SolutionProperties) = preSolution
		HideSolutionNode = FALSE
	EndGlobalSection
EndGlobal
